{
  "version": "3",
  "packages": {
    "specifiers": {
      "jsr:@std/assert@^0.225.3": "jsr:@std/assert@0.225.3",
      "jsr:@std/cli": "jsr:@std/cli@0.224.4",
      "jsr:@std/fmt": "jsr:@std/fmt@0.225.2"
    },
    "jsr": {
      "@std/assert@0.225.3": {
        "integrity": "b3c2847aecf6955b50644cdb9cf072004ea3d1998dd7579fc0acb99dbb23bd4f"
      },
      "@std/cli@0.224.4": {
        "integrity": "1f6a8fb983013e7743393e144d05c15094debc6f79032e32441846ef6196c9a3",
        "dependencies": [
          "jsr:@std/assert@^0.225.3"
        ]
      },
      "@std/fmt@0.225.2": {
        "integrity": "8a2d157586372f9d5e74cdf0f463a828dee5d09d7de10e56394d8f20dbb5bf26"
      }
    }
  },
  "remote": {}
}
